
Microsoft Visual Studio Solution File, Format Version 12.00
# Visual Studio Version 17
VisualStudioVersion = 17.8.34511.84
MinimumVisualStudioVersion = 10.0.40219.1
Project("{FAE04EC0-301F-11D3-BF4B-00C04F79EFBC}") = "MovieSearch.API", "MovieSearch.API\MovieSearch.API.csproj", "{0F8FC98B-B4B1-49BF-BD69-DC62CE57A508}"
EndProject
Project("{FAE04EC0-301F-11D3-BF4B-00C04F79EFBC}") = "MovieSearch.DAL", "MovieSearch.DAL\MovieSearch.DAL.csproj", "{A0F02D84-8A56-4511-8FD3-C033DCC3BD47}"
EndProject
Project("{FAE04EC0-301F-11D3-BF4B-00C04F79EFBC}") = "MovieSearch.Tests", "MovieSearch.Tests\MovieSearch.Tests.csproj", "{38987FE2-2154-4166-A537-D6D74A12AF81}"
EndProject
Global
	GlobalSection(SolutionConfigurationPlatforms) = preSolution
		Debug|Any CPU = Debug|Any CPU
		Release|Any CPU = Release|Any CPU
	EndGlobalSection
	GlobalSection(ProjectConfigurationPlatforms) = postSolution
		{0F8FC98B-B4B1-49BF-BD69-DC62CE57A508}.Debug|Any CPU.ActiveCfg = Debug|Any CPU
		{0F8FC98B-B4B1-49BF-BD69-DC62CE57A508}.Debug|Any CPU.Build.0 = Debug|Any CPU
		{0F8FC98B-B4B1-49BF-BD69-DC62CE57A508}.Release|Any CPU.ActiveCfg = Release|Any CPU
		{0F8FC98B-B4B1-49BF-BD69-DC62CE57A508}.Release|Any CPU.Build.0 = Release|Any CPU
		{A0F02D84-8A56-4511-8FD3-C033DCC3BD47}.Debug|Any CPU.ActiveCfg = Debug|Any CPU
		{A0F02D84-8A56-4511-8FD3-C033DCC3BD47}.Debug|Any CPU.Build.0 = Debug|Any CPU
		{A0F02D84-8A56-4511-8FD3-C033DCC3BD47}.Release|Any CPU.ActiveCfg = Release|Any CPU
		{A0F02D84-8A56-4511-8FD3-C033DCC3BD47}.Release|Any CPU.Build.0 = Release|Any CPU
		{38987FE2-2154-4166-A537-D6D74A12AF81}.Debug|Any CPU.ActiveCfg = Debug|Any CPU
		{38987FE2-2154-4166-A537-D6D74A12AF81}.Debug|Any CPU.Build.0 = Debug|Any CPU
		{38987FE2-2154-4166-A537-D6D74A12AF81}.Release|Any CPU.ActiveCfg = Release|Any CPU
		{38987FE2-2154-4166-A537-D6D74A12AF81}.Release|Any CPU.Build.0 = Release|Any CPU
	EndGlobalSection
	GlobalSection(SolutionProperties) = preSolution
		HideSolutionNode = FALSE
	EndGlobalSection
	GlobalSection(ExtensibilityGlobals) = postSolution
		SolutionGuid = {D5F42931-E4B1-4CBE-8CDC-B52FCE3CB382}
	EndGlobalSection
EndGlobal
